
Microsoft Visual Studio Solution File, Format Version 12.00
# Visual Studio Version 17
VisualStudioVersion = 17.13.35931.197 d17.13
MinimumVisualStudioVersion = 10.0.40219.1
Project("{FAE04EC0-301F-11D3-BF4B-00C04F79EFBC}") = "sqlsugar-test", "sqlsugar-test.csproj", "{CA64DCC7-9561-472B-8C1D-63F7461D4254}"
EndProject
Global
	GlobalSection(SolutionConfigurationPlatforms) = preSolution
		Debug|Any CPU = Debug|Any CPU
		Release|Any CPU = Release|Any CPU
	EndGlobalSection
	GlobalSection(ProjectConfigurationPlatforms) = postSolution
		{CA64DCC7-9561-472B-8C1D-63F7461D4254}.Debug|Any CPU.ActiveCfg = Debug|Any CPU
		{CA64DCC7-9561-472B-8C1D-63F7461D4254}.Debug|Any CPU.Build.0 = Debug|Any CPU
		{CA64DCC7-9561-472B-8C1D-63F7461D4254}.Release|Any CPU.ActiveCfg = Release|Any CPU
		{CA64DCC7-9561-472B-8C1D-63F7461D4254}.Release|Any CPU.Build.0 = Release|Any CPU
	EndGlobalSection
	GlobalSection(SolutionProperties) = preSolution
		HideSolutionNode = FALSE
	EndGlobalSection
	GlobalSection(ExtensibilityGlobals) = postSolution
		SolutionGuid = {E0365E7A-26AB-44EB-86F7-133882980B3C}
	EndGlobalSection
EndGlobal
