
Microsoft Visual Studio Solution File, Format Version 12.00
# Visual Studio Version 17
VisualStudioVersion = 17.13.35825.156
MinimumVisualStudioVersion = 10.0.40219.1
Project("{FAE04EC0-301F-11D3-BF4B-00C04F79EFBC}") = "FurionDemo.Web", "FurionDemo.Web\FurionDemo.Web.csproj", "{203D6545-EFA0-4516-B92A-A0C254856F27}"
EndProject
Project("{2150E333-8FDC-42A3-9474-1A3956D46DE8}") = "Solution Folder", "Solution Folder", "{02EA681E-C7D8-13C7-8484-4AC65E1B71E8}"
	ProjectSection(SolutionItems) = preProject
		Directory.Packages.props = Directory.Packages.props
		README.MD = README.MD
	EndProjectSection
EndProject
Global
	GlobalSection(SolutionConfigurationPlatforms) = preSolution
		Debug|Any CPU = Debug|Any CPU
		Release|Any CPU = Release|Any CPU
	EndGlobalSection
	GlobalSection(ProjectConfigurationPlatforms) = postSolution
		{203D6545-EFA0-4516-B92A-A0C254856F27}.Debug|Any CPU.ActiveCfg = Debug|Any CPU
		{203D6545-EFA0-4516-B92A-A0C254856F27}.Debug|Any CPU.Build.0 = Debug|Any CPU
		{203D6545-EFA0-4516-B92A-A0C254856F27}.Release|Any CPU.ActiveCfg = Release|Any CPU
		{203D6545-EFA0-4516-B92A-A0C254856F27}.Release|Any CPU.Build.0 = Release|Any CPU
	EndGlobalSection
	GlobalSection(SolutionProperties) = preSolution
		HideSolutionNode = FALSE
	EndGlobalSection
	GlobalSection(ExtensibilityGlobals) = postSolution
		SolutionGuid = {AB7C8259-5B97-40FD-8321-A7F4B1272138}
	EndGlobalSection
EndGlobal
